
Microsoft Visual Studio Solution File, Format Version 12.00
# Visual Studio Version 17
VisualStudioVersion = 17.11.35327.3
MinimumVisualStudioVersion = 10.0.40219.1
Project("{8BC9CEB8-8B4A-11D0-8D11-00A0C91BC942}") = "QuizMaster", "QuizMaster\QuizMaster.vcxproj", "{ED1D0B5E-9C2E-4DA6-A25E-B775F8E271A5}"
EndProject
Global
	GlobalSection(SolutionConfigurationPlatforms) = preSolution
		Debug|x64 = Debug|x64
		Debug|x86 = Debug|x86
		Release|x64 = Release|x64
		Release|x86 = Release|x86
	EndGlobalSection
	GlobalSection(ProjectConfigurationPlatforms) = postSolution
		{ED1D0B5E-9C2E-4DA6-A25E-B775F8E271A5}.Debug|x64.ActiveCfg = Debug|x64
		{ED1D0B5E-9C2E-4DA6-A25E-B775F8E271A5}.Debug|x64.Build.0 = Debug|x64
		{ED1D0B5E-9C2E-4DA6-A25E-B775F8E271A5}.Debug|x86.ActiveCfg = Debug|Win32
		{ED1D0B5E-9C2E-4DA6-A25E-B775F8E271A5}.Debug|x86.Build.0 = Debug|Win32
		{ED1D0B5E-9C2E-4DA6-A25E-B775F8E271A5}.Release|x64.ActiveCfg = Release|x64
		{ED1D0B5E-9C2E-4DA6-A25E-B775F8E271A5}.Release|x64.Build.0 = Release|x64
		{ED1D0B5E-9C2E-4DA6-A25E-B775F8E271A5}.Release|x86.ActiveCfg = Release|Win32
		{ED1D0B5E-9C2E-4DA6-A25E-B775F8E271A5}.Release|x86.Build.0 = Release|Win32
	EndGlobalSection
	GlobalSection(SolutionProperties) = preSolution
		HideSolutionNode = FALSE
	EndGlobalSection
	GlobalSection(ExtensibilityGlobals) = postSolution
		SolutionGuid = {30A496EC-A497-4C99-8522-E874CAA10B1C}
	EndGlobalSection
EndGlobal
